
Microsoft Visual Studio Solution File, Format Version 12.00
# Visual Studio Version 16
VisualStudioVersion = 16.0.31729.503
MinimumVisualStudioVersion = 10.0.40219.1
Project("{FAE04EC0-301F-11D3-BF4B-00C04F79EFBC}") = "EmployeeService", "EmployeeService\EmployeeService.csproj", "{ECF7200A-D14E-41DD-8C82-E32AD198D37A}"
EndProject
Global
	GlobalSection(SolutionConfigurationPlatforms) = preSolution
		Debug|Any CPU = Debug|Any CPU
		Release|Any CPU = Release|Any CPU
	EndGlobalSection
	GlobalSection(ProjectConfigurationPlatforms) = postSolution
		{ECF7200A-D14E-41DD-8C82-E32AD198D37A}.Debug|Any CPU.ActiveCfg = Debug|Any CPU
		{ECF7200A-D14E-41DD-8C82-E32AD198D37A}.Debug|Any CPU.Build.0 = Debug|Any CPU
		{ECF7200A-D14E-41DD-8C82-E32AD198D37A}.Release|Any CPU.ActiveCfg = Release|Any CPU
		{ECF7200A-D14E-41DD-8C82-E32AD198D37A}.Release|Any CPU.Build.0 = Release|Any CPU
	EndGlobalSection
	GlobalSection(SolutionProperties) = preSolution
		HideSolutionNode = FALSE
	EndGlobalSection
	GlobalSection(ExtensibilityGlobals) = postSolution
		SolutionGuid = {671EBFA3-D0A4-4036-A8DB-D11BC4CECB4A}
	EndGlobalSection
EndGlobal
